schema: '2.0'
stages:
  raw_dataset_creation:
    cmd: python src/data/load_data.py --config=params.yaml
    deps:
    - path: data/external/train.csv
      md5: 8929517566f004183dff480fdd48afe0
      size: 391872
    - path: src/data/load_data.py
      md5: b8c115785c3602f0d32b3db8f0fd6c5b
      size: 1342
    outs:
    - path: data/raw/train.csv
      md5: 8929517566f004183dff480fdd48afe0
      size: 387621
  model_train:
    cmd: python src/models/train_model.py --config=params.yaml
    deps:
    - path: data/raw/train.csv
      md5: 8929517566f004183dff480fdd48afe0
      size: 391872
    - path: src/models/train_model.py
      md5: 3b51e73df77d8c2858a807ada08e307d
      size: 1583
